// !$*UTF8*$!
{
	archiveVersion = 1;
	classes = {
	};
	objectVersion = 47;
	objects = {

/* Begin PBXBuildFile section */
		52D6D9871BEFF229002C0205 /* JAMFKit.framework in Frameworks */ = {isa = PBXBuildFile; fileRef = 52D6D97C1BEFF229002C0205 /* JAMFKit.framework */; };
		DD7502881C68FEDE006590AF /* JAMFKit.framework in Frameworks */ = {isa = PBXBuildFile; fileRef = 52D6DA0F1BF000BD002C0205 /* JAMFKit.framework */; };
		ED071F4E1FB33275003FAB0E /* HardwareGeneral.swift in Sources */ = {isa = PBXBuildFile; fileRef = ED071F4D1FB33275003FAB0E /* HardwareGeneral.swift */; };
		ED071F4F1FB33275003FAB0E /* HardwareGeneral.swift in Sources */ = {isa = PBXBuildFile; fileRef = ED071F4D1FB33275003FAB0E /* HardwareGeneral.swift */; };
		ED071F521FB33399003FAB0E /* HardwareTests.swift in Sources */ = {isa = PBXBuildFile; fileRef = ED071F511FB33399003FAB0E /* HardwareTests.swift */; };
		ED071F531FB33399003FAB0E /* HardwareTests.swift in Sources */ = {isa = PBXBuildFile; fileRef = ED071F511FB33399003FAB0E /* HardwareTests.swift */; };
		ED071F551FB333A6003FAB0E /* HardwareGeneralTests.swift in Sources */ = {isa = PBXBuildFile; fileRef = ED071F541FB333A6003FAB0E /* HardwareGeneralTests.swift */; };
		ED071F561FB333A6003FAB0E /* HardwareGeneralTests.swift in Sources */ = {isa = PBXBuildFile; fileRef = ED071F541FB333A6003FAB0E /* HardwareGeneralTests.swift */; };
		ED071F581FB333AF003FAB0E /* HardwareLocationTests.swift in Sources */ = {isa = PBXBuildFile; fileRef = ED071F571FB333AF003FAB0E /* HardwareLocationTests.swift */; };
		ED071F591FB333AF003FAB0E /* HardwareLocationTests.swift in Sources */ = {isa = PBXBuildFile; fileRef = ED071F571FB333AF003FAB0E /* HardwareLocationTests.swift */; };
		ED071F5B1FB33D11003FAB0E /* HardwareRemoteManagement.swift in Sources */ = {isa = PBXBuildFile; fileRef = ED071F5A1FB33D11003FAB0E /* HardwareRemoteManagement.swift */; };
		ED071F5C1FB33D11003FAB0E /* HardwareRemoteManagement.swift in Sources */ = {isa = PBXBuildFile; fileRef = ED071F5A1FB33D11003FAB0E /* HardwareRemoteManagement.swift */; };
		ED071F5E1FB33DF9003FAB0E /* HardwareRemoteManagementTests.swift in Sources */ = {isa = PBXBuildFile; fileRef = ED071F5D1FB33DF9003FAB0E /* HardwareRemoteManagementTests.swift */; };
		ED071F5F1FB33DF9003FAB0E /* HardwareRemoteManagementTests.swift in Sources */ = {isa = PBXBuildFile; fileRef = ED071F5D1FB33DF9003FAB0E /* HardwareRemoteManagementTests.swift */; };
		ED071F611FB34222003FAB0E /* PreciseDate.swift in Sources */ = {isa = PBXBuildFile; fileRef = ED071F601FB34222003FAB0E /* PreciseDate.swift */; };
		ED071F621FB34222003FAB0E /* PreciseDate.swift in Sources */ = {isa = PBXBuildFile; fileRef = ED071F601FB34222003FAB0E /* PreciseDate.swift */; };
		ED1D930B1FA20FAB005589F5 /* Identifiable.swift in Sources */ = {isa = PBXBuildFile; fileRef = ED1D930A1FA20FAB005589F5 /* Identifiable.swift */; };
		ED1D930D1FA20FB0005589F5 /* BaseObject.swift in Sources */ = {isa = PBXBuildFile; fileRef = ED1D930C1FA20FB0005589F5 /* BaseObject.swift */; };
		ED1D930E1FA20FB3005589F5 /* Identifiable.swift in Sources */ = {isa = PBXBuildFile; fileRef = ED1D930A1FA20FAB005589F5 /* Identifiable.swift */; };
		ED1D930F1FA20FB6005589F5 /* BaseObject.swift in Sources */ = {isa = PBXBuildFile; fileRef = ED1D930C1FA20FB0005589F5 /* BaseObject.swift */; };
		ED1D93101FA20FB9005589F5 /* BaseObjectTests.swift in Sources */ = {isa = PBXBuildFile; fileRef = ED1D93081FA20F86005589F5 /* BaseObjectTests.swift */; };
		ED1D93111FA20FB9005589F5 /* BaseObjectTests.swift in Sources */ = {isa = PBXBuildFile; fileRef = ED1D93081FA20F86005589F5 /* BaseObjectTests.swift */; };
		ED3597831FAA11B6006E3B66 /* JSONHelper.swift in Sources */ = {isa = PBXBuildFile; fileRef = ED3597821FAA11B6006E3B66 /* JSONHelper.swift */; };
		ED3597841FAA11B6006E3B66 /* JSONHelper.swift in Sources */ = {isa = PBXBuildFile; fileRef = ED3597821FAA11B6006E3B66 /* JSONHelper.swift */; };
		ED56BB7C1FB1B15700416C1A /* Hardware.swift in Sources */ = {isa = PBXBuildFile; fileRef = ED56BB7B1FB1B15700416C1A /* Hardware.swift */; };
		ED56BB7D1FB1B15700416C1A /* Hardware.swift in Sources */ = {isa = PBXBuildFile; fileRef = ED56BB7B1FB1B15700416C1A /* Hardware.swift */; };
		ED56BB7F1FB1B24B00416C1A /* HardwareLocation.swift in Sources */ = {isa = PBXBuildFile; fileRef = ED56BB7E1FB1B24B00416C1A /* HardwareLocation.swift */; };
		ED56BB801FB1B24B00416C1A /* HardwareLocation.swift in Sources */ = {isa = PBXBuildFile; fileRef = ED56BB7E1FB1B24B00416C1A /* HardwareLocation.swift */; };
		ED5B01471FB357F8005F0C47 /* PreciseDateTests.swift in Sources */ = {isa = PBXBuildFile; fileRef = ED5B01461FB357F8005F0C47 /* PreciseDateTests.swift */; };
		ED5B01481FB357F8005F0C47 /* PreciseDateTests.swift in Sources */ = {isa = PBXBuildFile; fileRef = ED5B01461FB357F8005F0C47 /* PreciseDateTests.swift */; };
		ED6C4AE31FAC61DF007B7026 /* User.swift in Sources */ = {isa = PBXBuildFile; fileRef = ED7383A01FAB75CE006259FC /* User.swift */; };
		ED71F2B51FA9ED890056790C /* Mocks.bundle in Resources */ = {isa = PBXBuildFile; fileRef = ED71F2B41FA9ED890056790C /* Mocks.bundle */; };
		ED71F2B61FA9ED890056790C /* Mocks.bundle in Resources */ = {isa = PBXBuildFile; fileRef = ED71F2B41FA9ED890056790C /* Mocks.bundle */; };
		ED73839B1FAB5AD9006259FC /* Site.swift in Sources */ = {isa = PBXBuildFile; fileRef = ED73839A1FAB5AD9006259FC /* Site.swift */; };
		ED73839C1FAB5AD9006259FC /* Site.swift in Sources */ = {isa = PBXBuildFile; fileRef = ED73839A1FAB5AD9006259FC /* Site.swift */; };
		ED73839E1FAB5B09006259FC /* SiteTests.swift in Sources */ = {isa = PBXBuildFile; fileRef = ED73839D1FAB5B09006259FC /* SiteTests.swift */; };
		ED73839F1FAB5B09006259FC /* SiteTests.swift in Sources */ = {isa = PBXBuildFile; fileRef = ED73839D1FAB5B09006259FC /* SiteTests.swift */; };
		ED7383A11FAB75CE006259FC /* User.swift in Sources */ = {isa = PBXBuildFile; fileRef = ED7383A01FAB75CE006259FC /* User.swift */; };
		ED7383A31FAB7D5A006259FC /* UserTests.swift in Sources */ = {isa = PBXBuildFile; fileRef = ED7383A21FAB7D5A006259FC /* UserTests.swift */; };
		ED7383A41FAB7D5A006259FC /* UserTests.swift in Sources */ = {isa = PBXBuildFile; fileRef = ED7383A21FAB7D5A006259FC /* UserTests.swift */; };
		EDCE84B01FC3152E0066AA75 /* HardwarePurchasing.swift in Sources */ = {isa = PBXBuildFile; fileRef = EDCE84AF1FC3152E0066AA75 /* HardwarePurchasing.swift */; };
		EDCE84B11FC3152E0066AA75 /* HardwarePurchasing.swift in Sources */ = {isa = PBXBuildFile; fileRef = EDCE84AF1FC3152E0066AA75 /* HardwarePurchasing.swift */; };
/* End PBXBuildFile section */

/* Begin PBXContainerItemProxy section */
		52D6D9881BEFF229002C0205 /* PBXContainerItemProxy */ = {
			isa = PBXContainerItemProxy;
			containerPortal = 52D6D9731BEFF229002C0205 /* Project object */;
			proxyType = 1;
			remoteGlobalIDString = 52D6D97B1BEFF229002C0205;
			remoteInfo = JAMFKit;
		};
		DD7502801C68FCFC006590AF /* PBXContainerItemProxy */ = {
			isa = PBXContainerItemProxy;
			containerPortal = 52D6D9731BEFF229002C0205 /* Project object */;
			proxyType = 1;
			remoteGlobalIDString = 52D6DA0E1BF000BD002C0205;
			remoteInfo = "JAMFKit-macOS";
		};
/* End PBXContainerItemProxy section */

/* Begin PBXFileReference section */
		52D6D97C1BEFF229002C0205 /* JAMFKit.framework */ = {isa = PBXFileReference; explicitFileType = wrapper.framework; includeInIndex = 0; path = JAMFKit.framework; sourceTree = BUILT_PRODUCTS_DIR; };
		52D6D9861BEFF229002C0205 /* JAMFKit-iOS Tests.xctest */ = {isa = PBXFileReference; explicitFileType = wrapper.cfbundle; includeInIndex = 0; path = "JAMFKit-iOS Tests.xctest"; sourceTree = BUILT_PRODUCTS_DIR; };
		52D6DA0F1BF000BD002C0205 /* JAMFKit.framework */ = {isa = PBXFileReference; explicitFileType = wrapper.framework; includeInIndex = 0; path = JAMFKit.framework; sourceTree = BUILT_PRODUCTS_DIR; };
		AD2FAA261CD0B6D800659CF4 /* JAMFKit.plist */ = {isa = PBXFileReference; fileEncoding = 4; lastKnownFileType = text.plist.xml; path = JAMFKit.plist; sourceTree = "<group>"; };
		AD2FAA281CD0B6E100659CF4 /* JAMFKitTests.plist */ = {isa = PBXFileReference; fileEncoding = 4; lastKnownFileType = text.plist.xml; path = JAMFKitTests.plist; sourceTree = "<group>"; };
		DD75027A1C68FCFC006590AF /* JAMFKit-macOS Tests.xctest */ = {isa = PBXFileReference; explicitFileType = wrapper.cfbundle; includeInIndex = 0; path = "JAMFKit-macOS Tests.xctest"; sourceTree = BUILT_PRODUCTS_DIR; };
		ED071F4D1FB33275003FAB0E /* HardwareGeneral.swift */ = {isa = PBXFileReference; lastKnownFileType = sourcecode.swift; path = HardwareGeneral.swift; sourceTree = "<group>"; };
		ED071F511FB33399003FAB0E /* HardwareTests.swift */ = {isa = PBXFileReference; lastKnownFileType = sourcecode.swift; path = HardwareTests.swift; sourceTree = "<group>"; };
		ED071F541FB333A6003FAB0E /* HardwareGeneralTests.swift */ = {isa = PBXFileReference; lastKnownFileType = sourcecode.swift; path = HardwareGeneralTests.swift; sourceTree = "<group>"; };
		ED071F571FB333AF003FAB0E /* HardwareLocationTests.swift */ = {isa = PBXFileReference; lastKnownFileType = sourcecode.swift; path = HardwareLocationTests.swift; sourceTree = "<group>"; };
		ED071F5A1FB33D11003FAB0E /* HardwareRemoteManagement.swift */ = {isa = PBXFileReference; lastKnownFileType = sourcecode.swift; path = HardwareRemoteManagement.swift; sourceTree = "<group>"; };
		ED071F5D1FB33DF9003FAB0E /* HardwareRemoteManagementTests.swift */ = {isa = PBXFileReference; lastKnownFileType = sourcecode.swift; path = HardwareRemoteManagementTests.swift; sourceTree = "<group>"; };
		ED071F601FB34222003FAB0E /* PreciseDate.swift */ = {isa = PBXFileReference; lastKnownFileType = sourcecode.swift; path = PreciseDate.swift; sourceTree = "<group>"; };
		ED1D93081FA20F86005589F5 /* BaseObjectTests.swift */ = {isa = PBXFileReference; fileEncoding = 4; lastKnownFileType = sourcecode.swift; path = BaseObjectTests.swift; sourceTree = "<group>"; };
		ED1D930A1FA20FAB005589F5 /* Identifiable.swift */ = {isa = PBXFileReference; fileEncoding = 4; lastKnownFileType = sourcecode.swift; path = Identifiable.swift; sourceTree = "<group>"; };
		ED1D930C1FA20FB0005589F5 /* BaseObject.swift */ = {isa = PBXFileReference; fileEncoding = 4; lastKnownFileType = sourcecode.swift; path = BaseObject.swift; sourceTree = "<group>"; };
		ED3597821FAA11B6006E3B66 /* JSONHelper.swift */ = {isa = PBXFileReference; lastKnownFileType = sourcecode.swift; path = JSONHelper.swift; sourceTree = "<group>"; };
		ED56BB7B1FB1B15700416C1A /* Hardware.swift */ = {isa = PBXFileReference; lastKnownFileType = sourcecode.swift; path = Hardware.swift; sourceTree = "<group>"; };
		ED56BB7E1FB1B24B00416C1A /* HardwareLocation.swift */ = {isa = PBXFileReference; lastKnownFileType = sourcecode.swift; path = HardwareLocation.swift; sourceTree = "<group>"; };
		ED5B01461FB357F8005F0C47 /* PreciseDateTests.swift */ = {isa = PBXFileReference; lastKnownFileType = sourcecode.swift; path = PreciseDateTests.swift; sourceTree = "<group>"; };
		ED71F2B41FA9ED890056790C /* Mocks.bundle */ = {isa = PBXFileReference; lastKnownFileType = "wrapper.plug-in"; path = Mocks.bundle; sourceTree = "<group>"; };
		ED73839A1FAB5AD9006259FC /* Site.swift */ = {isa = PBXFileReference; lastKnownFileType = sourcecode.swift; path = Site.swift; sourceTree = "<group>"; };
		ED73839D1FAB5B09006259FC /* SiteTests.swift */ = {isa = PBXFileReference; lastKnownFileType = sourcecode.swift; path = SiteTests.swift; sourceTree = "<group>"; };
		ED7383A01FAB75CE006259FC /* User.swift */ = {isa = PBXFileReference; fileEncoding = 4; lastKnownFileType = sourcecode.swift; path = User.swift; sourceTree = "<group>"; };
		ED7383A21FAB7D5A006259FC /* UserTests.swift */ = {isa = PBXFileReference; lastKnownFileType = sourcecode.swift; path = UserTests.swift; sourceTree = "<group>"; };
		EDCE84AF1FC3152E0066AA75 /* HardwarePurchasing.swift */ = {isa = PBXFileReference; lastKnownFileType = sourcecode.swift; path = HardwarePurchasing.swift; sourceTree = "<group>"; };
/* End PBXFileReference section */

/* Begin PBXFrameworksBuildPhase section */
		52D6D9781BEFF229002C0205 /* Frameworks */ = {
			isa = PBXFrameworksBuildPhase;
			buildActionMask = 2147483647;
			files = (
			);
			runOnlyForDeploymentPostprocessing = 0;
		};
		52D6D9831BEFF229002C0205 /* Frameworks */ = {
			isa = PBXFrameworksBuildPhase;
			buildActionMask = 2147483647;
			files = (
				52D6D9871BEFF229002C0205 /* JAMFKit.framework in Frameworks */,
			);
			runOnlyForDeploymentPostprocessing = 0;
		};
		52D6DA0B1BF000BD002C0205 /* Frameworks */ = {
			isa = PBXFrameworksBuildPhase;
			buildActionMask = 2147483647;
			files = (
			);
			runOnlyForDeploymentPostprocessing = 0;
		};
		DD7502771C68FCFC006590AF /* Frameworks */ = {
			isa = PBXFrameworksBuildPhase;
			buildActionMask = 2147483647;
			files = (
				DD7502881C68FEDE006590AF /* JAMFKit.framework in Frameworks */,
			);
			runOnlyForDeploymentPostprocessing = 0;
		};
/* End PBXFrameworksBuildPhase section */

/* Begin PBXGroup section */
		52D6D9721BEFF229002C0205 = {
			isa = PBXGroup;
			children = (
				52D6D99C1BEFF38C002C0205 /* Configs */,
				52D6D97D1BEFF229002C0205 /* Products */,
				8933C7811EB5B7E0000D00A4 /* Sources */,
				8933C7831EB5B7EB000D00A4 /* Tests */,
			);
			sourceTree = "<group>";
		};
		52D6D97D1BEFF229002C0205 /* Products */ = {
			isa = PBXGroup;
			children = (
				52D6D97C1BEFF229002C0205 /* JAMFKit.framework */,
				52D6D9861BEFF229002C0205 /* JAMFKit-iOS Tests.xctest */,
				52D6DA0F1BF000BD002C0205 /* JAMFKit.framework */,
				DD75027A1C68FCFC006590AF /* JAMFKit-macOS Tests.xctest */,
			);
			name = Products;
			sourceTree = "<group>";
		};
		52D6D99C1BEFF38C002C0205 /* Configs */ = {
			isa = PBXGroup;
			children = (
				DD7502721C68FC1B006590AF /* Frameworks */,
				DD7502731C68FC20006590AF /* Tests */,
			);
			path = Configs;
			sourceTree = "<group>";
		};
		8933C7811EB5B7E0000D00A4 /* Sources */ = {
			isa = PBXGroup;
			children = (
				ED1D93061FA20F49005589F5 /* Protocols */,
				ED1D93051FA20F43005589F5 /* Models */,
			);
			path = Sources;
			sourceTree = "<group>";
		};
		8933C7831EB5B7EB000D00A4 /* Tests */ = {
			isa = PBXGroup;
			children = (
				ED3597811FAA1182006E3B66 /* Helpers */,
				ED71F2B31FA9ED720056790C /* Resources */,
				ED1D93071FA20F86005589F5 /* Models */,
			);
			path = Tests;
			sourceTree = "<group>";
		};
		DD7502721C68FC1B006590AF /* Frameworks */ = {
			isa = PBXGroup;
			children = (
				AD2FAA261CD0B6D800659CF4 /* JAMFKit.plist */,
			);
			name = Frameworks;
			sourceTree = "<group>";
		};
		DD7502731C68FC20006590AF /* Tests */ = {
			isa = PBXGroup;
			children = (
				AD2FAA281CD0B6E100659CF4 /* JAMFKitTests.plist */,
			);
			name = Tests;
			sourceTree = "<group>";
		};
		ED071F501FB33386003FAB0E /* Hardware */ = {
			isa = PBXGroup;
			children = (
				ED071F541FB333A6003FAB0E /* HardwareGeneralTests.swift */,
				ED071F571FB333AF003FAB0E /* HardwareLocationTests.swift */,
				ED071F5D1FB33DF9003FAB0E /* HardwareRemoteManagementTests.swift */,
				ED071F511FB33399003FAB0E /* HardwareTests.swift */,
			);
			path = Hardware;
			sourceTree = "<group>";
		};
		ED1D93051FA20F43005589F5 /* Models */ = {
			isa = PBXGroup;
			children = (
				ED1D930C1FA20FB0005589F5 /* BaseObject.swift */,
				ED071F601FB34222003FAB0E /* PreciseDate.swift */,
				ED56BB7A1FB1B14400416C1A /* Hardware */,
				ED73839A1FAB5AD9006259FC /* Site.swift */,
				ED7383A01FAB75CE006259FC /* User.swift */,
			);
			path = Models;
			sourceTree = "<group>";
		};
		ED1D93061FA20F49005589F5 /* Protocols */ = {
			isa = PBXGroup;
			children = (
				ED1D930A1FA20FAB005589F5 /* Identifiable.swift */,
			);
			path = Protocols;
			sourceTree = "<group>";
		};
		ED1D93071FA20F86005589F5 /* Models */ = {
			isa = PBXGroup;
			children = (
				ED1D93081FA20F86005589F5 /* BaseObjectTests.swift */,
				ED071F501FB33386003FAB0E /* Hardware */,
				ED5B01461FB357F8005F0C47 /* PreciseDateTests.swift */,
				ED73839D1FAB5B09006259FC /* SiteTests.swift */,
				ED7383A21FAB7D5A006259FC /* UserTests.swift */,
			);
			path = Models;
			sourceTree = "<group>";
		};
		ED3597811FAA1182006E3B66 /* Helpers */ = {
			isa = PBXGroup;
			children = (
				ED3597821FAA11B6006E3B66 /* JSONHelper.swift */,
			);
			path = Helpers;
			sourceTree = "<group>";
		};
		ED56BB7A1FB1B14400416C1A /* Hardware */ = {
			isa = PBXGroup;
			children = (
				ED56BB7B1FB1B15700416C1A /* Hardware.swift */,
				ED071F4D1FB33275003FAB0E /* HardwareGeneral.swift */,
				ED56BB7E1FB1B24B00416C1A /* HardwareLocation.swift */,
				EDCE84AF1FC3152E0066AA75 /* HardwarePurchasing.swift */,
				ED071F5A1FB33D11003FAB0E /* HardwareRemoteManagement.swift */,
			);
			path = Hardware;
			sourceTree = "<group>";
		};
		ED71F2B31FA9ED720056790C /* Resources */ = {
			isa = PBXGroup;
			children = (
				ED71F2B41FA9ED890056790C /* Mocks.bundle */,
			);
			path = Resources;
			sourceTree = "<group>";
		};
/* End PBXGroup section */

/* Begin PBXHeadersBuildPhase section */
		52D6D9791BEFF229002C0205 /* Headers */ = {
			isa = PBXHeadersBuildPhase;
			buildActionMask = 2147483647;
			files = (
			);
			runOnlyForDeploymentPostprocessing = 0;
		};
		52D6DA0C1BF000BD002C0205 /* Headers */ = {
			isa = PBXHeadersBuildPhase;
			buildActionMask = 2147483647;
			files = (
			);
			runOnlyForDeploymentPostprocessing = 0;
		};
/* End PBXHeadersBuildPhase section */

/* Begin PBXNativeTarget section */
		52D6D97B1BEFF229002C0205 /* JAMFKit-iOS */ = {
			isa = PBXNativeTarget;
			buildConfigurationList = 52D6D9901BEFF229002C0205 /* Build configuration list for PBXNativeTarget "JAMFKit-iOS" */;
			buildPhases = (
				52D6D9771BEFF229002C0205 /* Sources */,
				52D6D9781BEFF229002C0205 /* Frameworks */,
				52D6D9791BEFF229002C0205 /* Headers */,
				52D6D97A1BEFF229002C0205 /* Resources */,
				ED1D93121FA20FC9005589F5 /* SwiftLint */,
			);
			buildRules = (
			);
			dependencies = (
			);
			name = "JAMFKit-iOS";
			productName = JAMFKit;
			productReference = 52D6D97C1BEFF229002C0205 /* JAMFKit.framework */;
			productType = "com.apple.product-type.framework";
		};
		52D6D9851BEFF229002C0205 /* JAMFKit-iOS Tests */ = {
			isa = PBXNativeTarget;
			buildConfigurationList = 52D6D9931BEFF229002C0205 /* Build configuration list for PBXNativeTarget "JAMFKit-iOS Tests" */;
			buildPhases = (
				52D6D9821BEFF229002C0205 /* Sources */,
				52D6D9831BEFF229002C0205 /* Frameworks */,
				52D6D9841BEFF229002C0205 /* Resources */,
			);
			buildRules = (
			);
			dependencies = (
				52D6D9891BEFF229002C0205 /* PBXTargetDependency */,
			);
			name = "JAMFKit-iOS Tests";
			productName = JAMFKitTests;
			productReference = 52D6D9861BEFF229002C0205 /* JAMFKit-iOS Tests.xctest */;
			productType = "com.apple.product-type.bundle.unit-test";
		};
		52D6DA0E1BF000BD002C0205 /* JAMFKit-macOS */ = {
			isa = PBXNativeTarget;
			buildConfigurationList = 52D6DA201BF000BD002C0205 /* Build configuration list for PBXNativeTarget "JAMFKit-macOS" */;
			buildPhases = (
				52D6DA0A1BF000BD002C0205 /* Sources */,
				52D6DA0B1BF000BD002C0205 /* Frameworks */,
				52D6DA0C1BF000BD002C0205 /* Headers */,
				52D6DA0D1BF000BD002C0205 /* Resources */,
				ED1D93131FA20FE9005589F5 /* SwiftLint */,
			);
			buildRules = (
			);
			dependencies = (
			);
			name = "JAMFKit-macOS";
			productName = "JAMFKit-macOS";
			productReference = 52D6DA0F1BF000BD002C0205 /* JAMFKit.framework */;
			productType = "com.apple.product-type.framework";
		};
		DD7502791C68FCFC006590AF /* JAMFKit-macOS Tests */ = {
			isa = PBXNativeTarget;
			buildConfigurationList = DD7502821C68FCFC006590AF /* Build configuration list for PBXNativeTarget "JAMFKit-macOS Tests" */;
			buildPhases = (
				DD7502761C68FCFC006590AF /* Sources */,
				DD7502771C68FCFC006590AF /* Frameworks */,
				DD7502781C68FCFC006590AF /* Resources */,
			);
			buildRules = (
			);
			dependencies = (
				DD7502811C68FCFC006590AF /* PBXTargetDependency */,
			);
			name = "JAMFKit-macOS Tests";
			productName = "JAMFKit-OS Tests";
			productReference = DD75027A1C68FCFC006590AF /* JAMFKit-macOS Tests.xctest */;
			productType = "com.apple.product-type.bundle.unit-test";
		};
/* End PBXNativeTarget section */

/* Begin PBXProject section */
		52D6D9731BEFF229002C0205 /* Project object */ = {
			isa = PBXProject;
			attributes = {
				LastSwiftUpdateCheck = 0720;
				LastUpgradeCheck = 0900;
				ORGANIZATIONNAME = JAMFKit;
				TargetAttributes = {
					52D6D97B1BEFF229002C0205 = {
						CreatedOnToolsVersion = 7.1;
						LastSwiftMigration = 0800;
					};
					52D6D9851BEFF229002C0205 = {
						CreatedOnToolsVersion = 7.1;
						LastSwiftMigration = 0800;
					};
					52D6DA0E1BF000BD002C0205 = {
						CreatedOnToolsVersion = 7.1;
						LastSwiftMigration = 0800;
					};
					DD7502791C68FCFC006590AF = {
						CreatedOnToolsVersion = 7.2.1;
						LastSwiftMigration = 0800;
					};
				};
			};
			buildConfigurationList = 52D6D9761BEFF229002C0205 /* Build configuration list for PBXProject "JAMFKit" */;
			compatibilityVersion = "Xcode 6.3";
			developmentRegion = English;
			hasScannedForEncodings = 0;
			knownRegions = (
				en,
			);
			mainGroup = 52D6D9721BEFF229002C0205;
			productRefGroup = 52D6D97D1BEFF229002C0205 /* Products */;
			projectDirPath = "";
			projectRoot = "";
			targets = (
				52D6D97B1BEFF229002C0205 /* JAMFKit-iOS */,
				52D6DA0E1BF000BD002C0205 /* JAMFKit-macOS */,
				52D6D9851BEFF229002C0205 /* JAMFKit-iOS Tests */,
				DD7502791C68FCFC006590AF /* JAMFKit-macOS Tests */,
			);
		};
/* End PBXProject section */

/* Begin PBXResourcesBuildPhase section */
		52D6D97A1BEFF229002C0205 /* Resources */ = {
			isa = PBXResourcesBuildPhase;
			buildActionMask = 2147483647;
			files = (
			);
			runOnlyForDeploymentPostprocessing = 0;
		};
		52D6D9841BEFF229002C0205 /* Resources */ = {
			isa = PBXResourcesBuildPhase;
			buildActionMask = 2147483647;
			files = (
				ED71F2B51FA9ED890056790C /* Mocks.bundle in Resources */,
			);
			runOnlyForDeploymentPostprocessing = 0;
		};
		52D6DA0D1BF000BD002C0205 /* Resources */ = {
			isa = PBXResourcesBuildPhase;
			buildActionMask = 2147483647;
			files = (
			);
			runOnlyForDeploymentPostprocessing = 0;
		};
		DD7502781C68FCFC006590AF /* Resources */ = {
			isa = PBXResourcesBuildPhase;
			buildActionMask = 2147483647;
			files = (
				ED71F2B61FA9ED890056790C /* Mocks.bundle in Resources */,
			);
			runOnlyForDeploymentPostprocessing = 0;
		};
/* End PBXResourcesBuildPhase section */

/* Begin PBXShellScriptBuildPhase section */
		ED1D93121FA20FC9005589F5 /* SwiftLint */ = {
			isa = PBXShellScriptBuildPhase;
			buildActionMask = 2147483647;
			files = (
			);
			inputPaths = (
			);
			name = SwiftLint;
			outputPaths = (
			);
			runOnlyForDeploymentPostprocessing = 0;
			shellPath = /bin/sh;
			shellScript = "if which swiftlint >/dev/null; then\n    swiftlint\nelse\n    echo \"warning: SwiftLint not installed, download from https://github.com/realm/SwiftLint\"\nfi";
		};
		ED1D93131FA20FE9005589F5 /* SwiftLint */ = {
			isa = PBXShellScriptBuildPhase;
			buildActionMask = 2147483647;
			files = (
			);
			inputPaths = (
			);
			name = SwiftLint;
			outputPaths = (
			);
			runOnlyForDeploymentPostprocessing = 0;
			shellPath = /bin/sh;
			shellScript = "if which swiftlint >/dev/null; then\n    swiftlint\nelse\n    echo \"warning: SwiftLint not installed, download from https://github.com/realm/SwiftLint\"\nfi";
		};
/* End PBXShellScriptBuildPhase section */

/* Begin PBXSourcesBuildPhase section */
		52D6D9771BEFF229002C0205 /* Sources */ = {
			isa = PBXSourcesBuildPhase;
			buildActionMask = 2147483647;
			files = (
				ED071F5B1FB33D11003FAB0E /* HardwareRemoteManagement.swift in Sources */,
				ED7383A11FAB75CE006259FC /* User.swift in Sources */,
				ED1D930B1FA20FAB005589F5 /* Identifiable.swift in Sources */,
				ED56BB7C1FB1B15700416C1A /* Hardware.swift in Sources */,
				ED73839B1FAB5AD9006259FC /* Site.swift in Sources */,
				ED56BB7F1FB1B24B00416C1A /* HardwareLocation.swift in Sources */,
				ED071F611FB34222003FAB0E /* PreciseDate.swift in Sources */,
				EDCE84B01FC3152E0066AA75 /* HardwarePurchasing.swift in Sources */,
				ED071F4E1FB33275003FAB0E /* HardwareGeneral.swift in Sources */,
				ED1D930D1FA20FB0005589F5 /* BaseObject.swift in Sources */,
			);
			runOnlyForDeploymentPostprocessing = 0;
		};
		52D6D9821BEFF229002C0205 /* Sources */ = {
			isa = PBXSourcesBuildPhase;
			buildActionMask = 2147483647;
			files = (
				ED071F5E1FB33DF9003FAB0E /* HardwareRemoteManagementTests.swift in Sources */,
				ED5B01471FB357F8005F0C47 /* PreciseDateTests.swift in Sources */,
				ED071F551FB333A6003FAB0E /* HardwareGeneralTests.swift in Sources */,
				ED7383A31FAB7D5A006259FC /* UserTests.swift in Sources */,
				ED071F521FB33399003FAB0E /* HardwareTests.swift in Sources */,
				ED73839E1FAB5B09006259FC /* SiteTests.swift in Sources */,
				ED071F581FB333AF003FAB0E /* HardwareLocationTests.swift in Sources */,
				ED1D93111FA20FB9005589F5 /* BaseObjectTests.swift in Sources */,
				ED3597831FAA11B6006E3B66 /* JSONHelper.swift in Sources */,
			);
			runOnlyForDeploymentPostprocessing = 0;
		};
		52D6DA0A1BF000BD002C0205 /* Sources */ = {
			isa = PBXSourcesBuildPhase;
			buildActionMask = 2147483647;
			files = (
				ED071F5C1FB33D11003FAB0E /* HardwareRemoteManagement.swift in Sources */,
				ED6C4AE31FAC61DF007B7026 /* User.swift in Sources */,
				ED1D930F1FA20FB6005589F5 /* BaseObject.swift in Sources */,
				ED56BB7D1FB1B15700416C1A /* Hardware.swift in Sources */,
				ED73839C1FAB5AD9006259FC /* Site.swift in Sources */,
				ED56BB801FB1B24B00416C1A /* HardwareLocation.swift in Sources */,
				ED071F621FB34222003FAB0E /* PreciseDate.swift in Sources */,
				EDCE84B11FC3152E0066AA75 /* HardwarePurchasing.swift in Sources */,
				ED071F4F1FB33275003FAB0E /* HardwareGeneral.swift in Sources */,
				ED1D930E1FA20FB3005589F5 /* Identifiable.swift in Sources */,
			);
			runOnlyForDeploymentPostprocessing = 0;
		};
		DD7502761C68FCFC006590AF /* Sources */ = {
			isa = PBXSourcesBuildPhase;
			buildActionMask = 2147483647;
			files = (
				ED071F5F1FB33DF9003FAB0E /* HardwareRemoteManagementTests.swift in Sources */,
				ED5B01481FB357F8005F0C47 /* PreciseDateTests.swift in Sources */,
				ED071F561FB333A6003FAB0E /* HardwareGeneralTests.swift in Sources */,
				ED7383A41FAB7D5A006259FC /* UserTests.swift in Sources */,
				ED071F531FB33399003FAB0E /* HardwareTests.swift in Sources */,
				ED73839F1FAB5B09006259FC /* SiteTests.swift in Sources */,
				ED071F591FB333AF003FAB0E /* HardwareLocationTests.swift in Sources */,
				ED1D93101FA20FB9005589F5 /* BaseObjectTests.swift in Sources */,
				ED3597841FAA11B6006E3B66 /* JSONHelper.swift in Sources */,
			);
			runOnlyForDeploymentPostprocessing = 0;
		};
/* End PBXSourcesBuildPhase section */

/* Begin PBXTargetDependency section */
		52D6D9891BEFF229002C0205 /* PBXTargetDependency */ = {
			isa = PBXTargetDependency;
			target = 52D6D97B1BEFF229002C0205 /* JAMFKit-iOS */;
			targetProxy = 52D6D9881BEFF229002C0205 /* PBXContainerItemProxy */;
		};
		DD7502811C68FCFC006590AF /* PBXTargetDependency */ = {
			isa = PBXTargetDependency;
			target = 52D6DA0E1BF000BD002C0205 /* JAMFKit-macOS */;
			targetProxy = DD7502801C68FCFC006590AF /* PBXContainerItemProxy */;
		};
/* End PBXTargetDependency section */

/* Begin XCBuildConfiguration section */
		52D6D98E1BEFF229002C0205 /* Debug */ = {
			isa = XCBuildConfiguration;
			buildSettings = {
				ALWAYS_SEARCH_USER_PATHS = NO;
				CLANG_CXX_LANGUAGE_STANDARD = "gnu++0x";
				CLANG_CXX_LIBRARY = "libc++";
				CLANG_ENABLE_MODULES = YES;
				CLANG_ENABLE_OBJC_ARC = YES;
				CLANG_WARN_BLOCK_CAPTURE_AUTORELEASING = YES;
				CLANG_WARN_BOOL_CONVERSION = YES;
				CLANG_WARN_COMMA = YES;
				CLANG_WARN_CONSTANT_CONVERSION = YES;
				CLANG_WARN_DIRECT_OBJC_ISA_USAGE = YES_ERROR;
				CLANG_WARN_EMPTY_BODY = YES;
				CLANG_WARN_ENUM_CONVERSION = YES;
				CLANG_WARN_INFINITE_RECURSION = YES;
				CLANG_WARN_INT_CONVERSION = YES;
				CLANG_WARN_NON_LITERAL_NULL_CONVERSION = YES;
				CLANG_WARN_OBJC_LITERAL_CONVERSION = YES;
				CLANG_WARN_OBJC_ROOT_CLASS = YES_ERROR;
				CLANG_WARN_RANGE_LOOP_ANALYSIS = YES;
				CLANG_WARN_STRICT_PROTOTYPES = YES;
				CLANG_WARN_SUSPICIOUS_MOVE = YES;
				CLANG_WARN_UNREACHABLE_CODE = YES;
				CLANG_WARN__DUPLICATE_METHOD_MATCH = YES;
				"CODE_SIGN_IDENTITY[sdk=iphoneos*]" = "iPhone Developer";
				COPY_PHASE_STRIP = NO;
				CURRENT_PROJECT_VERSION = 0.1.0;
				DEBUG_INFORMATION_FORMAT = dwarf;
				ENABLE_STRICT_OBJC_MSGSEND = YES;
				ENABLE_TESTABILITY = YES;
				GCC_C_LANGUAGE_STANDARD = gnu99;
				GCC_DYNAMIC_NO_PIC = NO;
				GCC_NO_COMMON_BLOCKS = YES;
				GCC_OPTIMIZATION_LEVEL = 0;
				GCC_PREPROCESSOR_DEFINITIONS = (
					"DEBUG=1",
					"$(inherited)",
				);
				GCC_WARN_64_TO_32_BIT_CONVERSION = YES;
				GCC_WARN_ABOUT_RETURN_TYPE = YES_ERROR;
				GCC_WARN_UNDECLARED_SELECTOR = YES;
				GCC_WARN_UNINITIALIZED_AUTOS = YES_AGGRESSIVE;
				GCC_WARN_UNUSED_FUNCTION = YES;
				GCC_WARN_UNUSED_VARIABLE = YES;
				IPHONEOS_DEPLOYMENT_TARGET = 9.0;
				MACOSX_DEPLOYMENT_TARGET = 10.10;
				MTL_ENABLE_DEBUG_INFO = YES;
				ONLY_ACTIVE_ARCH = YES;
				SDKROOT = iphoneos;
				SWIFT_OPTIMIZATION_LEVEL = "-Onone";
				SWIFT_VERSION = 3.0;
				TARGETED_DEVICE_FAMILY = "1,2";
				VERSIONING_SYSTEM = "apple-generic";
				VERSION_INFO_PREFIX = "";
			};
			name = Debug;
		};
		52D6D98F1BEFF229002C0205 /* Release */ = {
			isa = XCBuildConfiguration;
			buildSettings = {
				ALWAYS_SEARCH_USER_PATHS = NO;
				CLANG_CXX_LANGUAGE_STANDARD = "gnu++0x";
				CLANG_CXX_LIBRARY = "libc++";
				CLANG_ENABLE_MODULES = YES;
				CLANG_ENABLE_OBJC_ARC = YES;
				CLANG_WARN_BLOCK_CAPTURE_AUTORELEASING = YES;
				CLANG_WARN_BOOL_CONVERSION = YES;
				CLANG_WARN_COMMA = YES;
				CLANG_WARN_CONSTANT_CONVERSION = YES;
				CLANG_WARN_DIRECT_OBJC_ISA_USAGE = YES_ERROR;
				CLANG_WARN_EMPTY_BODY = YES;
				CLANG_WARN_ENUM_CONVERSION = YES;
				CLANG_WARN_INFINITE_RECURSION = YES;
				CLANG_WARN_INT_CONVERSION = YES;
				CLANG_WARN_NON_LITERAL_NULL_CONVERSION = YES;
				CLANG_WARN_OBJC_LITERAL_CONVERSION = YES;
				CLANG_WARN_OBJC_ROOT_CLASS = YES_ERROR;
				CLANG_WARN_RANGE_LOOP_ANALYSIS = YES;
				CLANG_WARN_STRICT_PROTOTYPES = YES;
				CLANG_WARN_SUSPICIOUS_MOVE = YES;
				CLANG_WARN_UNREACHABLE_CODE = YES;
				CLANG_WARN__DUPLICATE_METHOD_MATCH = YES;
				"CODE_SIGN_IDENTITY[sdk=iphoneos*]" = "iPhone Developer";
				COPY_PHASE_STRIP = NO;
				CURRENT_PROJECT_VERSION = 0.1.0;
				DEBUG_INFORMATION_FORMAT = "dwarf-with-dsym";
				ENABLE_NS_ASSERTIONS = NO;
				ENABLE_STRICT_OBJC_MSGSEND = YES;
				GCC_C_LANGUAGE_STANDARD = gnu99;
				GCC_NO_COMMON_BLOCKS = YES;
				GCC_WARN_64_TO_32_BIT_CONVERSION = YES;
				GCC_WARN_ABOUT_RETURN_TYPE = YES_ERROR;
				GCC_WARN_UNDECLARED_SELECTOR = YES;
				GCC_WARN_UNINITIALIZED_AUTOS = YES_AGGRESSIVE;
				GCC_WARN_UNUSED_FUNCTION = YES;
				GCC_WARN_UNUSED_VARIABLE = YES;
				IPHONEOS_DEPLOYMENT_TARGET = 9.0;
				MACOSX_DEPLOYMENT_TARGET = 10.10;
				MTL_ENABLE_DEBUG_INFO = NO;
				SDKROOT = iphoneos;
				SWIFT_VERSION = 3.0;
				TARGETED_DEVICE_FAMILY = "1,2";
				VALIDATE_PRODUCT = YES;
				VERSIONING_SYSTEM = "apple-generic";
				VERSION_INFO_PREFIX = "";
			};
			name = Release;
		};
		52D6D9911BEFF229002C0205 /* Debug */ = {
			isa = XCBuildConfiguration;
			buildSettings = {
				APPLICATION_EXTENSION_API_ONLY = YES;
				CLANG_ENABLE_MODULES = YES;
				CODE_SIGN_IDENTITY = "";
				DEFINES_MODULE = YES;
				DYLIB_COMPATIBILITY_VERSION = 1;
				DYLIB_CURRENT_VERSION = 1;
				DYLIB_INSTALL_NAME_BASE = "@rpath";
				INFOPLIST_FILE = Configs/JAMFKit.plist;
				INSTALL_PATH = "$(LOCAL_LIBRARY_DIR)/Frameworks";
				LD_RUNPATH_SEARCH_PATHS = "$(inherited) @executable_path/Frameworks @loader_path/Frameworks";
				ONLY_ACTIVE_ARCH = NO;
				PRODUCT_BUNDLE_IDENTIFIER = com.github.ethenyl.JAMFKit;
				PRODUCT_NAME = JAMFKit;
				SKIP_INSTALL = YES;
				SWIFT_OPTIMIZATION_LEVEL = "-Onone";
			};
			name = Debug;
		};
		52D6D9921BEFF229002C0205 /* Release */ = {
			isa = XCBuildConfiguration;
			buildSettings = {
				APPLICATION_EXTENSION_API_ONLY = YES;
				CLANG_ENABLE_MODULES = YES;
				CODE_SIGN_IDENTITY = "";
				DEFINES_MODULE = YES;
				DYLIB_COMPATIBILITY_VERSION = 1;
				DYLIB_CURRENT_VERSION = 1;
				DYLIB_INSTALL_NAME_BASE = "@rpath";
				INFOPLIST_FILE = Configs/JAMFKit.plist;
				INSTALL_PATH = "$(LOCAL_LIBRARY_DIR)/Frameworks";
				LD_RUNPATH_SEARCH_PATHS = "$(inherited) @executable_path/Frameworks @loader_path/Frameworks";
				PRODUCT_BUNDLE_IDENTIFIER = com.github.ethenyl.JAMFKit;
				PRODUCT_NAME = JAMFKit;
				SKIP_INSTALL = YES;
				SWIFT_OPTIMIZATION_LEVEL = "-Owholemodule";
			};
			name = Release;
		};
		52D6D9941BEFF229002C0205 /* Debug */ = {
			isa = XCBuildConfiguration;
			buildSettings = {
				ALWAYS_EMBED_SWIFT_STANDARD_LIBRARIES = YES;
				CLANG_ENABLE_MODULES = YES;
				"CODE_SIGN_IDENTITY[sdk=iphoneos*]" = "";
				DEVELOPMENT_TEAM = "";
				INFOPLIST_FILE = Configs/JAMFKitTests.plist;
				LD_RUNPATH_SEARCH_PATHS = "$(inherited) @executable_path/Frameworks @loader_path/Frameworks";
				PRODUCT_BUNDLE_IDENTIFIER = "com.JAMFKit.JAMFKit-iOS-Tests";
				PRODUCT_NAME = "$(TARGET_NAME)";
				SWIFT_OPTIMIZATION_LEVEL = "-Onone";
			};
			name = Debug;
		};
		52D6D9951BEFF229002C0205 /* Release */ = {
			isa = XCBuildConfiguration;
			buildSettings = {
				ALWAYS_EMBED_SWIFT_STANDARD_LIBRARIES = YES;
				CLANG_ENABLE_MODULES = YES;
				"CODE_SIGN_IDENTITY[sdk=iphoneos*]" = "";
				DEVELOPMENT_TEAM = "";
				INFOPLIST_FILE = Configs/JAMFKitTests.plist;
				LD_RUNPATH_SEARCH_PATHS = "$(inherited) @executable_path/Frameworks @loader_path/Frameworks";
				PRODUCT_BUNDLE_IDENTIFIER = "com.JAMFKit.JAMFKit-iOS-Tests";
				PRODUCT_NAME = "$(TARGET_NAME)";
				SWIFT_OPTIMIZATION_LEVEL = "-Owholemodule";
			};
			name = Release;
		};
		52D6DA211BF000BD002C0205 /* Debug */ = {
			isa = XCBuildConfiguration;
			buildSettings = {
				APPLICATION_EXTENSION_API_ONLY = YES;
				CODE_SIGN_IDENTITY = "";
				COMBINE_HIDPI_IMAGES = YES;
				DEFINES_MODULE = YES;
				DYLIB_COMPATIBILITY_VERSION = 1;
				DYLIB_CURRENT_VERSION = 1;
				DYLIB_INSTALL_NAME_BASE = "@rpath";
				FRAMEWORK_VERSION = A;
				INFOPLIST_FILE = Configs/JAMFKit.plist;
				INSTALL_PATH = "$(LOCAL_LIBRARY_DIR)/Frameworks";
				LD_RUNPATH_SEARCH_PATHS = "$(inherited) @executable_path/../Frameworks @loader_path/Frameworks";
				PRODUCT_BUNDLE_IDENTIFIER = com.github.ethenyl.JAMFKit;
				PRODUCT_NAME = JAMFKit;
				SDKROOT = macosx;
				SKIP_INSTALL = YES;
			};
			name = Debug;
		};
		52D6DA221BF000BD002C0205 /* Release */ = {
			isa = XCBuildConfiguration;
			buildSettings = {
				APPLICATION_EXTENSION_API_ONLY = YES;
				CODE_SIGN_IDENTITY = "";
				COMBINE_HIDPI_IMAGES = YES;
				DEFINES_MODULE = YES;
				DYLIB_COMPATIBILITY_VERSION = 1;
				DYLIB_CURRENT_VERSION = 1;
				DYLIB_INSTALL_NAME_BASE = "@rpath";
				FRAMEWORK_VERSION = A;
				INFOPLIST_FILE = Configs/JAMFKit.plist;
				INSTALL_PATH = "$(LOCAL_LIBRARY_DIR)/Frameworks";
				LD_RUNPATH_SEARCH_PATHS = "$(inherited) @executable_path/../Frameworks @loader_path/Frameworks";
				PRODUCT_BUNDLE_IDENTIFIER = com.github.ethenyl.JAMFKit;
				PRODUCT_NAME = JAMFKit;
				SDKROOT = macosx;
				SKIP_INSTALL = YES;
				SWIFT_OPTIMIZATION_LEVEL = "-Owholemodule";
			};
			name = Release;
		};
		DD7502831C68FCFC006590AF /* Debug */ = {
			isa = XCBuildConfiguration;
			buildSettings = {
				ALWAYS_EMBED_SWIFT_STANDARD_LIBRARIES = YES;
				COMBINE_HIDPI_IMAGES = YES;
				INFOPLIST_FILE = Configs/JAMFKitTests.plist;
				LD_RUNPATH_SEARCH_PATHS = "$(inherited) @executable_path/../Frameworks @loader_path/../Frameworks";
				MACOSX_DEPLOYMENT_TARGET = 10.11;
				PRODUCT_BUNDLE_IDENTIFIER = "com.JAMFKit.JAMFKit-macOS-Tests";
				PRODUCT_NAME = "$(TARGET_NAME)";
				SDKROOT = macosx;
			};
			name = Debug;
		};
		DD7502841C68FCFC006590AF /* Release */ = {
			isa = XCBuildConfiguration;
			buildSettings = {
				ALWAYS_EMBED_SWIFT_STANDARD_LIBRARIES = YES;
				COMBINE_HIDPI_IMAGES = YES;
				INFOPLIST_FILE = Configs/JAMFKitTests.plist;
				LD_RUNPATH_SEARCH_PATHS = "$(inherited) @executable_path/../Frameworks @loader_path/../Frameworks";
				MACOSX_DEPLOYMENT_TARGET = 10.11;
				PRODUCT_BUNDLE_IDENTIFIER = "com.JAMFKit.JAMFKit-macOS-Tests";
				PRODUCT_NAME = "$(TARGET_NAME)";
				SDKROOT = macosx;
				SWIFT_OPTIMIZATION_LEVEL = "-Owholemodule";
			};
			name = Release;
		};
/* End XCBuildConfiguration section */

/* Begin XCConfigurationList section */
		52D6D9761BEFF229002C0205 /* Build configuration list for PBXProject "JAMFKit" */ = {
			isa = XCConfigurationList;
			buildConfigurations = (
				52D6D98E1BEFF229002C0205 /* Debug */,
				52D6D98F1BEFF229002C0205 /* Release */,
			);
			defaultConfigurationIsVisible = 0;
			defaultConfigurationName = Release;
		};
		52D6D9901BEFF229002C0205 /* Build configuration list for PBXNativeTarget "JAMFKit-iOS" */ = {
			isa = XCConfigurationList;
			buildConfigurations = (
				52D6D9911BEFF229002C0205 /* Debug */,
				52D6D9921BEFF229002C0205 /* Release */,
			);
			defaultConfigurationIsVisible = 0;
			defaultConfigurationName = Release;
		};
		52D6D9931BEFF229002C0205 /* Build configuration list for PBXNativeTarget "JAMFKit-iOS Tests" */ = {
			isa = XCConfigurationList;
			buildConfigurations = (
				52D6D9941BEFF229002C0205 /* Debug */,
				52D6D9951BEFF229002C0205 /* Release */,
			);
			defaultConfigurationIsVisible = 0;
			defaultConfigurationName = Release;
		};
		52D6DA201BF000BD002C0205 /* Build configuration list for PBXNativeTarget "JAMFKit-macOS" */ = {
			isa = XCConfigurationList;
			buildConfigurations = (
				52D6DA211BF000BD002C0205 /* Debug */,
				52D6DA221BF000BD002C0205 /* Release */,
			);
			defaultConfigurationIsVisible = 0;
			defaultConfigurationName = Release;
		};
		DD7502821C68FCFC006590AF /* Build configuration list for PBXNativeTarget "JAMFKit-macOS Tests" */ = {
			isa = XCConfigurationList;
			buildConfigurations = (
				DD7502831C68FCFC006590AF /* Debug */,
				DD7502841C68FCFC006590AF /* Release */,
			);
			defaultConfigurationIsVisible = 0;
			defaultConfigurationName = Release;
		};
/* End XCConfigurationList section */
	};
	rootObject = 52D6D9731BEFF229002C0205 /* Project object */;
}
